
Microsoft Visual Studio Solution File, Format Version 12.00
# Visual Studio 15
VisualStudioVersion = 15.0.28010.2041
MinimumVisualStudioVersion = 10.0.40219.1
Project("{9A19103F-16F7-4668-BE54-9A1E7A4F7556}") = "Qiwi", "Qiwi\Qiwi.csproj", "{2E1B51C9-963D-48B2-9E3C-D1BF61650E5A}"
EndProject
Project("{FAE04EC0-301F-11D3-BF4B-00C04F79EFBC}") = "Qiwi.Tests", "Qiwi.Tests\Qiwi.Tests.csproj", "{8A0B3D86-EE6E-4776-A25A-46B43EF7E3F6}"
EndProject
Global
	GlobalSection(SolutionConfigurationPlatforms) = preSolution
		Debug|Any CPU = Debug|Any CPU
		Release|Any CPU = Release|Any CPU
	EndGlobalSection
	GlobalSection(ProjectConfigurationPlatforms) = postSolution
		{2E1B51C9-963D-48B2-9E3C-D1BF61650E5A}.Debug|Any CPU.ActiveCfg = Debug|Any CPU
		{2E1B51C9-963D-48B2-9E3C-D1BF61650E5A}.Debug|Any CPU.Build.0 = Debug|Any CPU
		{2E1B51C9-963D-48B2-9E3C-D1BF61650E5A}.Release|Any CPU.ActiveCfg = Release|Any CPU
		{2E1B51C9-963D-48B2-9E3C-D1BF61650E5A}.Release|Any CPU.Build.0 = Release|Any CPU
		{8A0B3D86-EE6E-4776-A25A-46B43EF7E3F6}.Debug|Any CPU.ActiveCfg = Debug|Any CPU
		{8A0B3D86-EE6E-4776-A25A-46B43EF7E3F6}.Debug|Any CPU.Build.0 = Debug|Any CPU
		{8A0B3D86-EE6E-4776-A25A-46B43EF7E3F6}.Release|Any CPU.ActiveCfg = Release|Any CPU
		{8A0B3D86-EE6E-4776-A25A-46B43EF7E3F6}.Release|Any CPU.Build.0 = Release|Any CPU
	EndGlobalSection
	GlobalSection(SolutionProperties) = preSolution
		HideSolutionNode = FALSE
	EndGlobalSection
	GlobalSection(ExtensibilityGlobals) = postSolution
		SolutionGuid = {425D946A-6957-404C-BBD6-D71EB626A668}
	EndGlobalSection
EndGlobal
